// !$*UTF8*$!
{
	archiveVersion = 1;
	classes = {
	};
	objectVersion = 52;
	objects = {

/* Begin PBXBuildFile section */
		BC2FFCDB25C80A5D00494949 /* JWTDecode in Frameworks */ = {isa = PBXBuildFile; productRef = BC2FFCDA25C80A5D00494949 /* JWTDecode */; };
		BC2FFCDF25C80FBC00494949 /* NewLinkView.swift in Sources */ = {isa = PBXBuildFile; fileRef = BC2FFCDE25C80FBC00494949 /* NewLinkView.swift */; };
		BC2FFCEF25C833E900494949 /* Auth.swift in Sources */ = {isa = PBXBuildFile; fileRef = BCD7A97D25BED2ED007BCF8D /* Auth.swift */; };
		BC2FFCF025C833E900494949 /* TokenStore.swift in Sources */ = {isa = PBXBuildFile; fileRef = BC3DADA125C5931900480220 /* TokenStore.swift */; };
		BC2FFCF125C833E900494949 /* API.swift in Sources */ = {isa = PBXBuildFile; fileRef = BC3DADA425C5951200480220 /* API.swift */; };
		BC2FFCFB25C8344600494949 /* libMusicThreadAPI.a in Frameworks */ = {isa = PBXBuildFile; fileRef = BC2FFCE625C833E000494949 /* libMusicThreadAPI.a */; };
		BC2FFCFF25C8345B00494949 /* ClientCredentials.swift in Sources */ = {isa = PBXBuildFile; fileRef = BC2FFCFE25C8345B00494949 /* ClientCredentials.swift */; };
		BC2FFD0325C835D100494949 /* KeychainAccess in Frameworks */ = {isa = PBXBuildFile; productRef = BC2FFD0225C835D100494949 /* KeychainAccess */; };
		BC2FFD0925C8369800494949 /* JWTDecode in Frameworks */ = {isa = PBXBuildFile; productRef = BC2FFD0825C8369800494949 /* JWTDecode */; };
		BC3DADAC25C5B97700480220 /* ThreadView.swift in Sources */ = {isa = PBXBuildFile; fileRef = BC3DADAB25C5B97700480220 /* ThreadView.swift */; };
		BC3DADB025C5B99C00480220 /* RootView.swift in Sources */ = {isa = PBXBuildFile; fileRef = BC3DADAF25C5B99C00480220 /* RootView.swift */; };
		BC3DADB325C5B9E800480220 /* ThreadListItemView.swift in Sources */ = {isa = PBXBuildFile; fileRef = BC3DADB225C5B9E800480220 /* ThreadListItemView.swift */; };
		BC52CBF125C6CAED00746627 /* Kingfisher in Frameworks */ = {isa = PBXBuildFile; productRef = BC52CBF025C6CAED00746627 /* Kingfisher */; };
		BC52CBF525C6D9DD00746627 /* RootViewModel.swift in Sources */ = {isa = PBXBuildFile; fileRef = BC52CBF425C6D9DD00746627 /* RootViewModel.swift */; };
		BC52CBFB25C6DD4600746627 /* ThreadsTabView.swift in Sources */ = {isa = PBXBuildFile; fileRef = BC52CBFA25C6DD4600746627 /* ThreadsTabView.swift */; };
		BC52CBFE25C6DD5D00746627 /* BookmarksTabView.swift in Sources */ = {isa = PBXBuildFile; fileRef = BC52CBFD25C6DD5D00746627 /* BookmarksTabView.swift */; };
		BC52CC0125C6DD7900746627 /* FeaturedTabView.swift in Sources */ = {isa = PBXBuildFile; fileRef = BC52CC0025C6DD7900746627 /* FeaturedTabView.swift */; };
		BC52CC0425C6DE9200746627 /* ThreadHeaderView.swift in Sources */ = {isa = PBXBuildFile; fileRef = BC52CC0325C6DE9200746627 /* ThreadHeaderView.swift */; };
		BC52CC0725C6DEA600746627 /* ThreadLinkItemView.swift in Sources */ = {isa = PBXBuildFile; fileRef = BC52CC0625C6DEA600746627 /* ThreadLinkItemView.swift */; };
		BC52CC0A25C6E23B00746627 /* NewThreadView.swift in Sources */ = {isa = PBXBuildFile; fileRef = BC52CC0925C6E23B00746627 /* NewThreadView.swift */; };
		BC695CCA25C5FCF90003AA2B /* KeychainAccess in Frameworks */ = {isa = PBXBuildFile; productRef = BC695CC925C5FCF90003AA2B /* KeychainAccess */; };
		BC78F29425B49C2900E266F8 /* AppDelegate.swift in Sources */ = {isa = PBXBuildFile; fileRef = BC78F29325B49C2900E266F8 /* AppDelegate.swift */; };
		BC78F29625B49C2900E266F8 /* SceneDelegate.swift in Sources */ = {isa = PBXBuildFile; fileRef = BC78F29525B49C2900E266F8 /* SceneDelegate.swift */; };
		BC78F29D25B49C2A00E266F8 /* Assets.xcassets in Resources */ = {isa = PBXBuildFile; fileRef = BC78F29C25B49C2A00E266F8 /* Assets.xcassets */; };
		BC78F2A025B49C2A00E266F8 /* LaunchScreen.storyboard in Resources */ = {isa = PBXBuildFile; fileRef = BC78F29E25B49C2A00E266F8 /* LaunchScreen.storyboard */; };
/* End PBXBuildFile section */

/* Begin PBXContainerItemProxy section */
		BC2FFCF825C8343D00494949 /* PBXContainerItemProxy */ = {
			isa = PBXContainerItemProxy;
			containerPortal = BC78F28825B49C2900E266F8 /* Project object */;
			proxyType = 1;
			remoteGlobalIDString = BC2FFCE525C833E000494949;
			remoteInfo = MusicThreadAPI;
		};
/* End PBXContainerItemProxy section */

/* Begin PBXCopyFilesBuildPhase section */
		BC2FFCE425C833E000494949 /* CopyFiles */ = {
			isa = PBXCopyFilesBuildPhase;
			buildActionMask = 2147483647;
			dstPath = "include/$(PRODUCT_NAME)";
			dstSubfolderSpec = 16;
			files = (
			);
			runOnlyForDeploymentPostprocessing = 0;
		};
/* End PBXCopyFilesBuildPhase section */

/* Begin PBXFileReference section */
		BC2FFCDE25C80FBC00494949 /* NewLinkView.swift */ = {isa = PBXFileReference; lastKnownFileType = sourcecode.swift; path = NewLinkView.swift; sourceTree = "<group>"; };
		BC2FFCE625C833E000494949 /* libMusicThreadAPI.a */ = {isa = PBXFileReference; explicitFileType = archive.ar; includeInIndex = 0; path = libMusicThreadAPI.a; sourceTree = BUILT_PRODUCTS_DIR; };
		BC2FFCFE25C8345B00494949 /* ClientCredentials.swift */ = {isa = PBXFileReference; lastKnownFileType = sourcecode.swift; path = ClientCredentials.swift; sourceTree = "<group>"; };
		BC2FFD0C25C837D900494949 /* MusicThread.entitlements */ = {isa = PBXFileReference; lastKnownFileType = text.plist.entitlements; path = MusicThread.entitlements; sourceTree = "<group>"; };
		BC3DADA125C5931900480220 /* TokenStore.swift */ = {isa = PBXFileReference; lastKnownFileType = sourcecode.swift; path = TokenStore.swift; sourceTree = "<group>"; };
		BC3DADA425C5951200480220 /* API.swift */ = {isa = PBXFileReference; lastKnownFileType = sourcecode.swift; path = API.swift; sourceTree = "<group>"; };
		BC3DADAB25C5B97700480220 /* ThreadView.swift */ = {isa = PBXFileReference; lastKnownFileType = sourcecode.swift; path = ThreadView.swift; sourceTree = "<group>"; };
		BC3DADAF25C5B99C00480220 /* RootView.swift */ = {isa = PBXFileReference; lastKnownFileType = sourcecode.swift; path = RootView.swift; sourceTree = "<group>"; };
		BC3DADB225C5B9E800480220 /* ThreadListItemView.swift */ = {isa = PBXFileReference; lastKnownFileType = sourcecode.swift; path = ThreadListItemView.swift; sourceTree = "<group>"; };
		BC52CBF425C6D9DD00746627 /* RootViewModel.swift */ = {isa = PBXFileReference; lastKnownFileType = sourcecode.swift; path = RootViewModel.swift; sourceTree = "<group>"; };
		BC52CBFA25C6DD4600746627 /* ThreadsTabView.swift */ = {isa = PBXFileReference; lastKnownFileType = sourcecode.swift; path = ThreadsTabView.swift; sourceTree = "<group>"; };
		BC52CBFD25C6DD5D00746627 /* BookmarksTabView.swift */ = {isa = PBXFileReference; lastKnownFileType = sourcecode.swift; path = BookmarksTabView.swift; sourceTree = "<group>"; };
		BC52CC0025C6DD7900746627 /* FeaturedTabView.swift */ = {isa = PBXFileReference; lastKnownFileType = sourcecode.swift; path = FeaturedTabView.swift; sourceTree = "<group>"; };
		BC52CC0325C6DE9200746627 /* ThreadHeaderView.swift */ = {isa = PBXFileReference; lastKnownFileType = sourcecode.swift; path = ThreadHeaderView.swift; sourceTree = "<group>"; };
		BC52CC0625C6DEA600746627 /* ThreadLinkItemView.swift */ = {isa = PBXFileReference; lastKnownFileType = sourcecode.swift; path = ThreadLinkItemView.swift; sourceTree = "<group>"; };
		BC52CC0925C6E23B00746627 /* NewThreadView.swift */ = {isa = PBXFileReference; lastKnownFileType = sourcecode.swift; path = NewThreadView.swift; sourceTree = "<group>"; };
		BC78F29025B49C2900E266F8 /* MusicThread.app */ = {isa = PBXFileReference; explicitFileType = wrapper.application; includeInIndex = 0; path = MusicThread.app; sourceTree = BUILT_PRODUCTS_DIR; };
		BC78F29325B49C2900E266F8 /* AppDelegate.swift */ = {isa = PBXFileReference; lastKnownFileType = sourcecode.swift; path = AppDelegate.swift; sourceTree = "<group>"; };
		BC78F29525B49C2900E266F8 /* SceneDelegate.swift */ = {isa = PBXFileReference; lastKnownFileType = sourcecode.swift; path = SceneDelegate.swift; sourceTree = "<group>"; };
		BC78F29C25B49C2A00E266F8 /* Assets.xcassets */ = {isa = PBXFileReference; lastKnownFileType = folder.assetcatalog; path = Assets.xcassets; sourceTree = "<group>"; };
		BC78F29F25B49C2A00E266F8 /* Base */ = {isa = PBXFileReference; lastKnownFileType = file.storyboard; name = Base; path = Base.lproj/LaunchScreen.storyboard; sourceTree = "<group>"; };
		BC78F2A125B49C2A00E266F8 /* Info.plist */ = {isa = PBXFileReference; lastKnownFileType = text.plist.xml; path = Info.plist; sourceTree = "<group>"; };
		BCD7A97D25BED2ED007BCF8D /* Auth.swift */ = {isa = PBXFileReference; lastKnownFileType = sourcecode.swift; path = Auth.swift; sourceTree = "<group>"; };
/* End PBXFileReference section */

/* Begin PBXFrameworksBuildPhase section */
		BC2FFCE325C833E000494949 /* Frameworks */ = {
			isa = PBXFrameworksBuildPhase;
			buildActionMask = 2147483647;
			files = (
				BC2FFD0925C8369800494949 /* JWTDecode in Frameworks */,
				BC2FFD0325C835D100494949 /* KeychainAccess in Frameworks */,
			);
			runOnlyForDeploymentPostprocessing = 0;
		};
		BC78F28D25B49C2900E266F8 /* Frameworks */ = {
			isa = PBXFrameworksBuildPhase;
			buildActionMask = 2147483647;
			files = (
				BC2FFCFB25C8344600494949 /* libMusicThreadAPI.a in Frameworks */,
				BC52CBF125C6CAED00746627 /* Kingfisher in Frameworks */,
				BC695CCA25C5FCF90003AA2B /* KeychainAccess in Frameworks */,
				BC2FFCDB25C80A5D00494949 /* JWTDecode in Frameworks */,
			);
			runOnlyForDeploymentPostprocessing = 0;
		};
/* End PBXFrameworksBuildPhase section */

/* Begin PBXGroup section */
		BC2FFCE725C833E000494949 /* MusicThreadAPI */ = {
			isa = PBXGroup;
			children = (
				BCD7A97D25BED2ED007BCF8D /* Auth.swift */,
				BC2FFCFE25C8345B00494949 /* ClientCredentials.swift */,
				BC3DADA425C5951200480220 /* API.swift */,
				BC3DADA125C5931900480220 /* TokenStore.swift */,
			);
			path = MusicThreadAPI;
			sourceTree = "<group>";
		};
		BC2FFCFA25C8344600494949 /* Frameworks */ = {
			isa = PBXGroup;
			children = (
			);
			name = Frameworks;
			sourceTree = "<group>";
		};
		BC2FFD0F25C837FF00494949 /* Supporting Files */ = {
			isa = PBXGroup;
			children = (
				BC78F29E25B49C2A00E266F8 /* LaunchScreen.storyboard */,
				BC2FFD0C25C837D900494949 /* MusicThread.entitlements */,
				BC78F2A125B49C2A00E266F8 /* Info.plist */,
			);
			name = "Supporting Files";
			sourceTree = "<group>";
		};
		BC3DADAA25C5B96B00480220 /* UI */ = {
			isa = PBXGroup;
			children = (
				BC3DADAF25C5B99C00480220 /* RootView.swift */,
				BC52CBFA25C6DD4600746627 /* ThreadsTabView.swift */,
				BC52CBFD25C6DD5D00746627 /* BookmarksTabView.swift */,
				BC52CC0025C6DD7900746627 /* FeaturedTabView.swift */,
				BC3DADAB25C5B97700480220 /* ThreadView.swift */,
				BC2FFCDE25C80FBC00494949 /* NewLinkView.swift */,
				BC52CC0925C6E23B00746627 /* NewThreadView.swift */,
				BC52CC0625C6DEA600746627 /* ThreadLinkItemView.swift */,
				BC52CC0325C6DE9200746627 /* ThreadHeaderView.swift */,
				BC3DADB225C5B9E800480220 /* ThreadListItemView.swift */,
			);
			path = UI;
			sourceTree = "<group>";
		};
		BC78F28725B49C2900E266F8 = {
			isa = PBXGroup;
			children = (
				BC78F29225B49C2900E266F8 /* MusicThread */,
				BC2FFCE725C833E000494949 /* MusicThreadAPI */,
				BC78F29125B49C2900E266F8 /* Products */,
				BC2FFCFA25C8344600494949 /* Frameworks */,
			);
			sourceTree = "<group>";
		};
		BC78F29125B49C2900E266F8 /* Products */ = {
			isa = PBXGroup;
			children = (
				BC78F29025B49C2900E266F8 /* MusicThread.app */,
				BC2FFCE625C833E000494949 /* libMusicThreadAPI.a */,
			);
			name = Products;
			sourceTree = "<group>";
		};
		BC78F29225B49C2900E266F8 /* MusicThread */ = {
			isa = PBXGroup;
			children = (
				BC78F29325B49C2900E266F8 /* AppDelegate.swift */,
				BC78F29525B49C2900E266F8 /* SceneDelegate.swift */,
				BC52CBF425C6D9DD00746627 /* RootViewModel.swift */,
				BC3DADAA25C5B96B00480220 /* UI */,
				BC78F29C25B49C2A00E266F8 /* Assets.xcassets */,
				BC2FFD0F25C837FF00494949 /* Supporting Files */,
			);
			path = MusicThread;
			sourceTree = "<group>";
		};
/* End PBXGroup section */

/* Begin PBXNativeTarget section */
		BC2FFCE525C833E000494949 /* MusicThreadAPI */ = {
			isa = PBXNativeTarget;
			buildConfigurationList = BC2FFCEA25C833E000494949 /* Build configuration list for PBXNativeTarget "MusicThreadAPI" */;
			buildPhases = (
				BC2FFCE225C833E000494949 /* Sources */,
				BC2FFCE325C833E000494949 /* Frameworks */,
				BC2FFCE425C833E000494949 /* CopyFiles */,
			);
			buildRules = (
			);
			dependencies = (
			);
			name = MusicThreadAPI;
			packageProductDependencies = (
				BC2FFD0225C835D100494949 /* KeychainAccess */,
				BC2FFD0825C8369800494949 /* JWTDecode */,
			);
			productName = MusicThreadAPI;
			productReference = BC2FFCE625C833E000494949 /* libMusicThreadAPI.a */;
			productType = "com.apple.product-type.library.static";
		};
		BC78F28F25B49C2900E266F8 /* MusicThread */ = {
			isa = PBXNativeTarget;
			buildConfigurationList = BC78F2A425B49C2A00E266F8 /* Build configuration list for PBXNativeTarget "MusicThread" */;
			buildPhases = (
				BC78F28C25B49C2900E266F8 /* Sources */,
				BC78F28D25B49C2900E266F8 /* Frameworks */,
				BC78F28E25B49C2900E266F8 /* Resources */,
			);
			buildRules = (
			);
			dependencies = (
				BC2FFCF925C8343D00494949 /* PBXTargetDependency */,
			);
			name = MusicThread;
			packageProductDependencies = (
				BC695CC925C5FCF90003AA2B /* KeychainAccess */,
				BC52CBF025C6CAED00746627 /* Kingfisher */,
				BC2FFCDA25C80A5D00494949 /* JWTDecode */,
			);
			productName = "MusicThread Auth";
			productReference = BC78F29025B49C2900E266F8 /* MusicThread.app */;
			productType = "com.apple.product-type.application";
		};
/* End PBXNativeTarget section */

/* Begin PBXProject section */
		BC78F28825B49C2900E266F8 /* Project object */ = {
			isa = PBXProject;
			attributes = {
				LastSwiftUpdateCheck = 1230;
				LastUpgradeCheck = 1230;
				TargetAttributes = {
					BC2FFCE525C833E000494949 = {
						CreatedOnToolsVersion = 12.3;
					};
					BC78F28F25B49C2900E266F8 = {
						CreatedOnToolsVersion = 12.3;
					};
				};
			};
			buildConfigurationList = BC78F28B25B49C2900E266F8 /* Build configuration list for PBXProject "MusicThread" */;
			compatibilityVersion = "Xcode 9.3";
			developmentRegion = en;
			hasScannedForEncodings = 0;
			knownRegions = (
				en,
				Base,
			);
			mainGroup = BC78F28725B49C2900E266F8;
			packageReferences = (
				BC695CC825C5FCF90003AA2B /* XCRemoteSwiftPackageReference "KeychainAccess" */,
				BC52CBEF25C6CAED00746627 /* XCRemoteSwiftPackageReference "Kingfisher" */,
				BC2FFCD925C80A5D00494949 /* XCRemoteSwiftPackageReference "JWTDecode.swift" */,
			);
			productRefGroup = BC78F29125B49C2900E266F8 /* Products */;
			projectDirPath = "";
			projectRoot = "";
			targets = (
				BC78F28F25B49C2900E266F8 /* MusicThread */,
				BC2FFCE525C833E000494949 /* MusicThreadAPI */,
			);
		};
/* End PBXProject section */

/* Begin PBXResourcesBuildPhase section */
		BC78F28E25B49C2900E266F8 /* Resources */ = {
			isa = PBXResourcesBuildPhase;
			buildActionMask = 2147483647;
			files = (
				BC78F2A025B49C2A00E266F8 /* LaunchScreen.storyboard in Resources */,
				BC78F29D25B49C2A00E266F8 /* Assets.xcassets in Resources */,
			);
			runOnlyForDeploymentPostprocessing = 0;
		};
/* End PBXResourcesBuildPhase section */

/* Begin PBXSourcesBuildPhase section */
		BC2FFCE225C833E000494949 /* Sources */ = {
			isa = PBXSourcesBuildPhase;
			buildActionMask = 2147483647;
			files = (
				BC2FFCEF25C833E900494949 /* Auth.swift in Sources */,
				BC2FFCF125C833E900494949 /* API.swift in Sources */,
				BC2FFCF025C833E900494949 /* TokenStore.swift in Sources */,
				BC2FFCFF25C8345B00494949 /* ClientCredentials.swift in Sources */,
			);
			runOnlyForDeploymentPostprocessing = 0;
		};
		BC78F28C25B49C2900E266F8 /* Sources */ = {
			isa = PBXSourcesBuildPhase;
			buildActionMask = 2147483647;
			files = (
				BC52CC0425C6DE9200746627 /* ThreadHeaderView.swift in Sources */,
				BC3DADB025C5B99C00480220 /* RootView.swift in Sources */,
				BC3DADB325C5B9E800480220 /* ThreadListItemView.swift in Sources */,
				BC3DADAC25C5B97700480220 /* ThreadView.swift in Sources */,
				BC52CBFB25C6DD4600746627 /* ThreadsTabView.swift in Sources */,
				BC78F29425B49C2900E266F8 /* AppDelegate.swift in Sources */,
				BC52CC0A25C6E23B00746627 /* NewThreadView.swift in Sources */,
				BC52CC0125C6DD7900746627 /* FeaturedTabView.swift in Sources */,
				BC78F29625B49C2900E266F8 /* SceneDelegate.swift in Sources */,
				BC52CBFE25C6DD5D00746627 /* BookmarksTabView.swift in Sources */,
				BC52CBF525C6D9DD00746627 /* RootViewModel.swift in Sources */,
				BC52CC0725C6DEA600746627 /* ThreadLinkItemView.swift in Sources */,
				BC2FFCDF25C80FBC00494949 /* NewLinkView.swift in Sources */,
			);
			runOnlyForDeploymentPostprocessing = 0;
		};
/* End PBXSourcesBuildPhase section */

/* Begin PBXTargetDependency section */
		BC2FFCF925C8343D00494949 /* PBXTargetDependency */ = {
			isa = PBXTargetDependency;
			target = BC2FFCE525C833E000494949 /* MusicThreadAPI */;
			targetProxy = BC2FFCF825C8343D00494949 /* PBXContainerItemProxy */;
		};
/* End PBXTargetDependency section */

/* Begin PBXVariantGroup section */
		BC78F29E25B49C2A00E266F8 /* LaunchScreen.storyboard */ = {
			isa = PBXVariantGroup;
			children = (
				BC78F29F25B49C2A00E266F8 /* Base */,
			);
			name = LaunchScreen.storyboard;
			sourceTree = "<group>";
		};
/* End PBXVariantGroup section */

/* Begin XCBuildConfiguration section */
		BC2FFCEB25C833E000494949 /* Debug */ = {
			isa = XCBuildConfiguration;
			buildSettings = {
				CODE_SIGN_STYLE = Automatic;
				DEVELOPMENT_TEAM = UMVF6688JY;
				OTHER_LDFLAGS = "-ObjC";
				PRODUCT_NAME = "$(TARGET_NAME)";
				SKIP_INSTALL = YES;
				SWIFT_VERSION = 5.0;
				TARGETED_DEVICE_FAMILY = "1,2";
			};
			name = Debug;
		};
		BC2FFCEC25C833E000494949 /* Release */ = {
			isa = XCBuildConfiguration;
			buildSettings = {
				CODE_SIGN_STYLE = Automatic;
				DEVELOPMENT_TEAM = UMVF6688JY;
				OTHER_LDFLAGS = "-ObjC";
				PRODUCT_NAME = "$(TARGET_NAME)";
				SKIP_INSTALL = YES;
				SWIFT_VERSION = 5.0;
				TARGETED_DEVICE_FAMILY = "1,2";
			};
			name = Release;
		};
		BC78F2A225B49C2A00E266F8 /* Debug */ = {
			isa = XCBuildConfiguration;
			buildSettings = {
				ALWAYS_SEARCH_USER_PATHS = NO;
				CLANG_ANALYZER_NONNULL = YES;
				CLANG_ANALYZER_NUMBER_OBJECT_CONVERSION = YES_AGGRESSIVE;
				CLANG_CXX_LANGUAGE_STANDARD = "gnu++14";
				CLANG_CXX_LIBRARY = "libc++";
				CLANG_ENABLE_MODULES = YES;
				CLANG_ENABLE_OBJC_ARC = YES;
				CLANG_ENABLE_OBJC_WEAK = YES;
				CLANG_WARN_BLOCK_CAPTURE_AUTORELEASING = YES;
				CLANG_WARN_BOOL_CONVERSION = YES;
				CLANG_WARN_COMMA = YES;
				CLANG_WARN_CONSTANT_CONVERSION = YES;
				CLANG_WARN_DEPRECATED_OBJC_IMPLEMENTATIONS = YES;
				CLANG_WARN_DIRECT_OBJC_ISA_USAGE = YES_ERROR;
				CLANG_WARN_DOCUMENTATION_COMMENTS = YES;
				CLANG_WARN_EMPTY_BODY = YES;
				CLANG_WARN_ENUM_CONVERSION = YES;
				CLANG_WARN_INFINITE_RECURSION = YES;
				CLANG_WARN_INT_CONVERSION = YES;
				CLANG_WARN_NON_LITERAL_NULL_CONVERSION = YES;
				CLANG_WARN_OBJC_IMPLICIT_RETAIN_SELF = YES;
				CLANG_WARN_OBJC_LITERAL_CONVERSION = YES;
				CLANG_WARN_OBJC_ROOT_CLASS = YES_ERROR;
				CLANG_WARN_QUOTED_INCLUDE_IN_FRAMEWORK_HEADER = YES;
				CLANG_WARN_RANGE_LOOP_ANALYSIS = YES;
				CLANG_WARN_STRICT_PROTOTYPES = YES;
				CLANG_WARN_SUSPICIOUS_MOVE = YES;
				CLANG_WARN_UNGUARDED_AVAILABILITY = YES_AGGRESSIVE;
				CLANG_WARN_UNREACHABLE_CODE = YES;
				CLANG_WARN__DUPLICATE_METHOD_MATCH = YES;
				COPY_PHASE_STRIP = NO;
				DEBUG_INFORMATION_FORMAT = dwarf;
				ENABLE_STRICT_OBJC_MSGSEND = YES;
				ENABLE_TESTABILITY = YES;
				GCC_C_LANGUAGE_STANDARD = gnu11;
				GCC_DYNAMIC_NO_PIC = NO;
				GCC_NO_COMMON_BLOCKS = YES;
				GCC_OPTIMIZATION_LEVEL = 0;
				GCC_PREPROCESSOR_DEFINITIONS = (
					"DEBUG=1",
					"$(inherited)",
				);
				GCC_WARN_64_TO_32_BIT_CONVERSION = YES;
				GCC_WARN_ABOUT_RETURN_TYPE = YES_ERROR;
				GCC_WARN_UNDECLARED_SELECTOR = YES;
				GCC_WARN_UNINITIALIZED_AUTOS = YES_AGGRESSIVE;
				GCC_WARN_UNUSED_FUNCTION = YES;
				GCC_WARN_UNUSED_VARIABLE = YES;
				IPHONEOS_DEPLOYMENT_TARGET = 14.3;
				MTL_ENABLE_DEBUG_INFO = INCLUDE_SOURCE;
				MTL_FAST_MATH = YES;
				ONLY_ACTIVE_ARCH = YES;
				SDKROOT = iphoneos;
				SWIFT_ACTIVE_COMPILATION_CONDITIONS = DEBUG;
				SWIFT_OPTIMIZATION_LEVEL = "-Onone";
			};
			name = Debug;
		};
		BC78F2A325B49C2A00E266F8 /* Release */ = {
			isa = XCBuildConfiguration;
			buildSettings = {
				ALWAYS_SEARCH_USER_PATHS = NO;
				CLANG_ANALYZER_NONNULL = YES;
				CLANG_ANALYZER_NUMBER_OBJECT_CONVERSION = YES_AGGRESSIVE;
				CLANG_CXX_LANGUAGE_STANDARD = "gnu++14";
				CLANG_CXX_LIBRARY = "libc++";
				CLANG_ENABLE_MODULES = YES;
				CLANG_ENABLE_OBJC_ARC = YES;
				CLANG_ENABLE_OBJC_WEAK = YES;
				CLANG_WARN_BLOCK_CAPTURE_AUTORELEASING = YES;
				CLANG_WARN_BOOL_CONVERSION = YES;
				CLANG_WARN_COMMA = YES;
				CLANG_WARN_CONSTANT_CONVERSION = YES;
				CLANG_WARN_DEPRECATED_OBJC_IMPLEMENTATIONS = YES;
				CLANG_WARN_DIRECT_OBJC_ISA_USAGE = YES_ERROR;
				CLANG_WARN_DOCUMENTATION_COMMENTS = YES;
				CLANG_WARN_EMPTY_BODY = YES;
				CLANG_WARN_ENUM_CONVERSION = YES;
				CLANG_WARN_INFINITE_RECURSION = YES;
				CLANG_WARN_INT_CONVERSION = YES;
				CLANG_WARN_NON_LITERAL_NULL_CONVERSION = YES;
				CLANG_WARN_OBJC_IMPLICIT_RETAIN_SELF = YES;
				CLANG_WARN_OBJC_LITERAL_CONVERSION = YES;
				CLANG_WARN_OBJC_ROOT_CLASS = YES_ERROR;
				CLANG_WARN_QUOTED_INCLUDE_IN_FRAMEWORK_HEADER = YES;
				CLANG_WARN_RANGE_LOOP_ANALYSIS = YES;
				CLANG_WARN_STRICT_PROTOTYPES = YES;
				CLANG_WARN_SUSPICIOUS_MOVE = YES;
				CLANG_WARN_UNGUARDED_AVAILABILITY = YES_AGGRESSIVE;
				CLANG_WARN_UNREACHABLE_CODE = YES;
				CLANG_WARN__DUPLICATE_METHOD_MATCH = YES;
				COPY_PHASE_STRIP = NO;
				DEBUG_INFORMATION_FORMAT = "dwarf-with-dsym";
				ENABLE_NS_ASSERTIONS = NO;
				ENABLE_STRICT_OBJC_MSGSEND = YES;
				GCC_C_LANGUAGE_STANDARD = gnu11;
				GCC_NO_COMMON_BLOCKS = YES;
				GCC_WARN_64_TO_32_BIT_CONVERSION = YES;
				GCC_WARN_ABOUT_RETURN_TYPE = YES_ERROR;
				GCC_WARN_UNDECLARED_SELECTOR = YES;
				GCC_WARN_UNINITIALIZED_AUTOS = YES_AGGRESSIVE;
				GCC_WARN_UNUSED_FUNCTION = YES;
				GCC_WARN_UNUSED_VARIABLE = YES;
				IPHONEOS_DEPLOYMENT_TARGET = 14.3;
				MTL_ENABLE_DEBUG_INFO = NO;
				MTL_FAST_MATH = YES;
				SDKROOT = iphoneos;
				SWIFT_COMPILATION_MODE = wholemodule;
				SWIFT_OPTIMIZATION_LEVEL = "-O";
				VALIDATE_PRODUCT = YES;
			};
			name = Release;
		};
		BC78F2A525B49C2A00E266F8 /* Debug */ = {
			isa = XCBuildConfiguration;
			buildSettings = {
				ASSETCATALOG_COMPILER_APPICON_NAME = AppIcon;
				ASSETCATALOG_COMPILER_GLOBAL_ACCENT_COLOR_NAME = AccentColor;
				CODE_SIGN_ENTITLEMENTS = MusicThread/MusicThread.entitlements;
				CODE_SIGN_STYLE = Automatic;
				DEVELOPMENT_TEAM = UMVF6688JY;
				INFOPLIST_FILE = MusicThread/Info.plist;
				LD_RUNPATH_SEARCH_PATHS = (
					"$(inherited)",
					"@executable_path/Frameworks",
				);
				PRODUCT_BUNDLE_IDENTIFIER = co.brushedtype.musicthread;
				PRODUCT_NAME = "$(TARGET_NAME)";
				SWIFT_VERSION = 5.0;
				TARGETED_DEVICE_FAMILY = "1,2";
			};
			name = Debug;
		};
		BC78F2A625B49C2A00E266F8 /* Release */ = {
			isa = XCBuildConfiguration;
			buildSettings = {
				ASSETCATALOG_COMPILER_APPICON_NAME = AppIcon;
				ASSETCATALOG_COMPILER_GLOBAL_ACCENT_COLOR_NAME = AccentColor;
				CODE_SIGN_ENTITLEMENTS = MusicThread/MusicThread.entitlements;
				CODE_SIGN_STYLE = Automatic;
				DEVELOPMENT_TEAM = UMVF6688JY;
				INFOPLIST_FILE = MusicThread/Info.plist;
				LD_RUNPATH_SEARCH_PATHS = (
					"$(inherited)",
					"@executable_path/Frameworks",
				);
				PRODUCT_BUNDLE_IDENTIFIER = co.brushedtype.musicthread;
				PRODUCT_NAME = "$(TARGET_NAME)";
				SWIFT_VERSION = 5.0;
				TARGETED_DEVICE_FAMILY = "1,2";
			};
			name = Release;
		};
/* End XCBuildConfiguration section */

/* Begin XCConfigurationList section */
		BC2FFCEA25C833E000494949 /* Build configuration list for PBXNativeTarget "MusicThreadAPI" */ = {
			isa = XCConfigurationList;
			buildConfigurations = (
				BC2FFCEB25C833E000494949 /* Debug */,
				BC2FFCEC25C833E000494949 /* Release */,
			);
			defaultConfigurationIsVisible = 0;
			defaultConfigurationName = Release;
		};
		BC78F28B25B49C2900E266F8 /* Build configuration list for PBXProject "MusicThread" */ = {
			isa = XCConfigurationList;
			buildConfigurations = (
				BC78F2A225B49C2A00E266F8 /* Debug */,
				BC78F2A325B49C2A00E266F8 /* Release */,
			);
			defaultConfigurationIsVisible = 0;
			defaultConfigurationName = Release;
		};
		BC78F2A425B49C2A00E266F8 /* Build configuration list for PBXNativeTarget "MusicThread" */ = {
			isa = XCConfigurationList;
			buildConfigurations = (
				BC78F2A525B49C2A00E266F8 /* Debug */,
				BC78F2A625B49C2A00E266F8 /* Release */,
			);
			defaultConfigurationIsVisible = 0;
			defaultConfigurationName = Release;
		};
/* End XCConfigurationList section */

/* Begin XCRemoteSwiftPackageReference section */
		BC2FFCD925C80A5D00494949 /* XCRemoteSwiftPackageReference "JWTDecode.swift" */ = {
			isa = XCRemoteSwiftPackageReference;
			repositoryURL = "git@github.com:auth0/JWTDecode.swift.git";
			requirement = {
				kind = upToNextMajorVersion;
				minimumVersion = 2.5.0;
			};
		};
		BC52CBEF25C6CAED00746627 /* XCRemoteSwiftPackageReference "Kingfisher" */ = {
			isa = XCRemoteSwiftPackageReference;
			repositoryURL = "git@github.com:onevcat/Kingfisher.git";
			requirement = {
				kind = upToNextMajorVersion;
				minimumVersion = 6.0.1;
			};
		};
		BC695CC825C5FCF90003AA2B /* XCRemoteSwiftPackageReference "KeychainAccess" */ = {
			isa = XCRemoteSwiftPackageReference;
			repositoryURL = "git@github.com:kishikawakatsumi/KeychainAccess.git";
			requirement = {
				kind = upToNextMajorVersion;
				minimumVersion = 4.2.1;
			};
		};
/* End XCRemoteSwiftPackageReference section */

/* Begin XCSwiftPackageProductDependency section */
		BC2FFCDA25C80A5D00494949 /* JWTDecode */ = {
			isa = XCSwiftPackageProductDependency;
			package = BC2FFCD925C80A5D00494949 /* XCRemoteSwiftPackageReference "JWTDecode.swift" */;
			productName = JWTDecode;
		};
		BC2FFD0225C835D100494949 /* KeychainAccess */ = {
			isa = XCSwiftPackageProductDependency;
			package = BC695CC825C5FCF90003AA2B /* XCRemoteSwiftPackageReference "KeychainAccess" */;
			productName = KeychainAccess;
		};
		BC2FFD0825C8369800494949 /* JWTDecode */ = {
			isa = XCSwiftPackageProductDependency;
			package = BC2FFCD925C80A5D00494949 /* XCRemoteSwiftPackageReference "JWTDecode.swift" */;
			productName = JWTDecode;
		};
		BC52CBF025C6CAED00746627 /* Kingfisher */ = {
			isa = XCSwiftPackageProductDependency;
			package = BC52CBEF25C6CAED00746627 /* XCRemoteSwiftPackageReference "Kingfisher" */;
			productName = Kingfisher;
		};
		BC695CC925C5FCF90003AA2B /* KeychainAccess */ = {
			isa = XCSwiftPackageProductDependency;
			package = BC695CC825C5FCF90003AA2B /* XCRemoteSwiftPackageReference "KeychainAccess" */;
			productName = KeychainAccess;
		};
/* End XCSwiftPackageProductDependency section */
	};
	rootObject = BC78F28825B49C2900E266F8 /* Project object */;
}
