// !$*UTF8*$!
{
	archiveVersion = 1;
	classes = {
	};
	objectVersion = 50;
	objects = {

/* Begin PBXBuildFile section */
		BC78F29425B49C2900E266F8 /* AppDelegate.swift in Sources */ = {isa = PBXBuildFile; fileRef = BC78F29325B49C2900E266F8 /* AppDelegate.swift */; };
		BC78F29625B49C2900E266F8 /* SceneDelegate.swift in Sources */ = {isa = PBXBuildFile; fileRef = BC78F29525B49C2900E266F8 /* SceneDelegate.swift */; };
		BC78F29825B49C2900E266F8 /* ViewController.swift in Sources */ = {isa = PBXBuildFile; fileRef = BC78F29725B49C2900E266F8 /* ViewController.swift */; };
		BC78F29B25B49C2900E266F8 /* Main.storyboard in Resources */ = {isa = PBXBuildFile; fileRef = BC78F29925B49C2900E266F8 /* Main.storyboard */; };
		BC78F29D25B49C2A00E266F8 /* Assets.xcassets in Resources */ = {isa = PBXBuildFile; fileRef = BC78F29C25B49C2A00E266F8 /* Assets.xcassets */; };
		BC78F2A025B49C2A00E266F8 /* LaunchScreen.storyboard in Resources */ = {isa = PBXBuildFile; fileRef = BC78F29E25B49C2A00E266F8 /* LaunchScreen.storyboard */; };
		BCD7A97E25BED2ED007BCF8D /* Auth.swift in Sources */ = {isa = PBXBuildFile; fileRef = BCD7A97D25BED2ED007BCF8D /* Auth.swift */; };
/* End PBXBuildFile section */

/* Begin PBXFileReference section */
		BC78F29025B49C2900E266F8 /* MusicThread Auth.app */ = {isa = PBXFileReference; explicitFileType = wrapper.application; includeInIndex = 0; path = "MusicThread Auth.app"; sourceTree = BUILT_PRODUCTS_DIR; };
		BC78F29325B49C2900E266F8 /* AppDelegate.swift */ = {isa = PBXFileReference; lastKnownFileType = sourcecode.swift; path = AppDelegate.swift; sourceTree = "<group>"; };
		BC78F29525B49C2900E266F8 /* SceneDelegate.swift */ = {isa = PBXFileReference; lastKnownFileType = sourcecode.swift; path = SceneDelegate.swift; sourceTree = "<group>"; };
		BC78F29725B49C2900E266F8 /* ViewController.swift */ = {isa = PBXFileReference; lastKnownFileType = sourcecode.swift; path = ViewController.swift; sourceTree = "<group>"; };
		BC78F29A25B49C2900E266F8 /* Base */ = {isa = PBXFileReference; lastKnownFileType = file.storyboard; name = Base; path = Base.lproj/Main.storyboard; sourceTree = "<group>"; };
		BC78F29C25B49C2A00E266F8 /* Assets.xcassets */ = {isa = PBXFileReference; lastKnownFileType = folder.assetcatalog; path = Assets.xcassets; sourceTree = "<group>"; };
		BC78F29F25B49C2A00E266F8 /* Base */ = {isa = PBXFileReference; lastKnownFileType = file.storyboard; name = Base; path = Base.lproj/LaunchScreen.storyboard; sourceTree = "<group>"; };
		BC78F2A125B49C2A00E266F8 /* Info.plist */ = {isa = PBXFileReference; lastKnownFileType = text.plist.xml; path = Info.plist; sourceTree = "<group>"; };
		BCD7A97D25BED2ED007BCF8D /* Auth.swift */ = {isa = PBXFileReference; lastKnownFileType = sourcecode.swift; path = Auth.swift; sourceTree = "<group>"; };
/* End PBXFileReference section */

/* Begin PBXFrameworksBuildPhase section */
		BC78F28D25B49C2900E266F8 /* Frameworks */ = {
			isa = PBXFrameworksBuildPhase;
			buildActionMask = 2147483647;
			files = (
			);
			runOnlyForDeploymentPostprocessing = 0;
		};
/* End PBXFrameworksBuildPhase section */

/* Begin PBXGroup section */
		BC78F28725B49C2900E266F8 = {
			isa = PBXGroup;
			children = (
				BC78F29225B49C2900E266F8 /* MusicThread Auth */,
				BC78F29125B49C2900E266F8 /* Products */,
			);
			sourceTree = "<group>";
		};
		BC78F29125B49C2900E266F8 /* Products */ = {
			isa = PBXGroup;
			children = (
				BC78F29025B49C2900E266F8 /* MusicThread Auth.app */,
			);
			name = Products;
			sourceTree = "<group>";
		};
		BC78F29225B49C2900E266F8 /* MusicThread Auth */ = {
			isa = PBXGroup;
			children = (
				BCD7A97D25BED2ED007BCF8D /* Auth.swift */,
				BC78F29325B49C2900E266F8 /* AppDelegate.swift */,
				BC78F29525B49C2900E266F8 /* SceneDelegate.swift */,
				BC78F29725B49C2900E266F8 /* ViewController.swift */,
				BC78F29925B49C2900E266F8 /* Main.storyboard */,
				BC78F29C25B49C2A00E266F8 /* Assets.xcassets */,
				BC78F29E25B49C2A00E266F8 /* LaunchScreen.storyboard */,
				BC78F2A125B49C2A00E266F8 /* Info.plist */,
			);
			path = "MusicThread Auth";
			sourceTree = "<group>";
		};
/* End PBXGroup section */

/* Begin PBXNativeTarget section */
		BC78F28F25B49C2900E266F8 /* MusicThread Auth */ = {
			isa = PBXNativeTarget;
			buildConfigurationList = BC78F2A425B49C2A00E266F8 /* Build configuration list for PBXNativeTarget "MusicThread Auth" */;
			buildPhases = (
				BC78F28C25B49C2900E266F8 /* Sources */,
				BC78F28D25B49C2900E266F8 /* Frameworks */,
				BC78F28E25B49C2900E266F8 /* Resources */,
			);
			buildRules = (
			);
			dependencies = (
			);
			name = "MusicThread Auth";
			productName = "MusicThread Auth";
			productReference = BC78F29025B49C2900E266F8 /* MusicThread Auth.app */;
			productType = "com.apple.product-type.application";
		};
/* End PBXNativeTarget section */

/* Begin PBXProject section */
		BC78F28825B49C2900E266F8 /* Project object */ = {
			isa = PBXProject;
			attributes = {
				LastSwiftUpdateCheck = 1230;
				LastUpgradeCheck = 1230;
				TargetAttributes = {
					BC78F28F25B49C2900E266F8 = {
						CreatedOnToolsVersion = 12.3;
					};
				};
			};
			buildConfigurationList = BC78F28B25B49C2900E266F8 /* Build configuration list for PBXProject "MusicThread Auth" */;
			compatibilityVersion = "Xcode 9.3";
			developmentRegion = en;
			hasScannedForEncodings = 0;
			knownRegions = (
				en,
				Base,
			);
			mainGroup = BC78F28725B49C2900E266F8;
			productRefGroup = BC78F29125B49C2900E266F8 /* Products */;
			projectDirPath = "";
			projectRoot = "";
			targets = (
				BC78F28F25B49C2900E266F8 /* MusicThread Auth */,
			);
		};
/* End PBXProject section */

/* Begin PBXResourcesBuildPhase section */
		BC78F28E25B49C2900E266F8 /* Resources */ = {
			isa = PBXResourcesBuildPhase;
			buildActionMask = 2147483647;
			files = (
				BC78F2A025B49C2A00E266F8 /* LaunchScreen.storyboard in Resources */,
				BC78F29D25B49C2A00E266F8 /* Assets.xcassets in Resources */,
				BC78F29B25B49C2900E266F8 /* Main.storyboard in Resources */,
			);
			runOnlyForDeploymentPostprocessing = 0;
		};
/* End PBXResourcesBuildPhase section */

/* Begin PBXSourcesBuildPhase section */
		BC78F28C25B49C2900E266F8 /* Sources */ = {
			isa = PBXSourcesBuildPhase;
			buildActionMask = 2147483647;
			files = (
				BC78F29825B49C2900E266F8 /* ViewController.swift in Sources */,
				BC78F29425B49C2900E266F8 /* AppDelegate.swift in Sources */,
				BC78F29625B49C2900E266F8 /* SceneDelegate.swift in Sources */,
				BCD7A97E25BED2ED007BCF8D /* Auth.swift in Sources */,
			);
			runOnlyForDeploymentPostprocessing = 0;
		};
/* End PBXSourcesBuildPhase section */

/* Begin PBXVariantGroup section */
		BC78F29925B49C2900E266F8 /* Main.storyboard */ = {
			isa = PBXVariantGroup;
			children = (
				BC78F29A25B49C2900E266F8 /* Base */,
			);
			name = Main.storyboard;
			sourceTree = "<group>";
		};
		BC78F29E25B49C2A00E266F8 /* LaunchScreen.storyboard */ = {
			isa = PBXVariantGroup;
			children = (
				BC78F29F25B49C2A00E266F8 /* Base */,
			);
			name = LaunchScreen.storyboard;
			sourceTree = "<group>";
		};
/* End PBXVariantGroup section */

/* Begin XCBuildConfiguration section */
		BC78F2A225B49C2A00E266F8 /* Debug */ = {
			isa = XCBuildConfiguration;
			buildSettings = {
				ALWAYS_SEARCH_USER_PATHS = NO;
				CLANG_ANALYZER_NONNULL = YES;
				CLANG_ANALYZER_NUMBER_OBJECT_CONVERSION = YES_AGGRESSIVE;
				CLANG_CXX_LANGUAGE_STANDARD = "gnu++14";
				CLANG_CXX_LIBRARY = "libc++";
				CLANG_ENABLE_MODULES = YES;
				CLANG_ENABLE_OBJC_ARC = YES;
				CLANG_ENABLE_OBJC_WEAK = YES;
				CLANG_WARN_BLOCK_CAPTURE_AUTORELEASING = YES;
				CLANG_WARN_BOOL_CONVERSION = YES;
				CLANG_WARN_COMMA = YES;
				CLANG_WARN_CONSTANT_CONVERSION = YES;
				CLANG_WARN_DEPRECATED_OBJC_IMPLEMENTATIONS = YES;
				CLANG_WARN_DIRECT_OBJC_ISA_USAGE = YES_ERROR;
				CLANG_WARN_DOCUMENTATION_COMMENTS = YES;
				CLANG_WARN_EMPTY_BODY = YES;
				CLANG_WARN_ENUM_CONVERSION = YES;
				CLANG_WARN_INFINITE_RECURSION = YES;
				CLANG_WARN_INT_CONVERSION = YES;
				CLANG_WARN_NON_LITERAL_NULL_CONVERSION = YES;
				CLANG_WARN_OBJC_IMPLICIT_RETAIN_SELF = YES;
				CLANG_WARN_OBJC_LITERAL_CONVERSION = YES;
				CLANG_WARN_OBJC_ROOT_CLASS = YES_ERROR;
				CLANG_WARN_QUOTED_INCLUDE_IN_FRAMEWORK_HEADER = YES;
				CLANG_WARN_RANGE_LOOP_ANALYSIS = YES;
				CLANG_WARN_STRICT_PROTOTYPES = YES;
				CLANG_WARN_SUSPICIOUS_MOVE = YES;
				CLANG_WARN_UNGUARDED_AVAILABILITY = YES_AGGRESSIVE;
				CLANG_WARN_UNREACHABLE_CODE = YES;
				CLANG_WARN__DUPLICATE_METHOD_MATCH = YES;
				COPY_PHASE_STRIP = NO;
				DEBUG_INFORMATION_FORMAT = dwarf;
				ENABLE_STRICT_OBJC_MSGSEND = YES;
				ENABLE_TESTABILITY = YES;
				GCC_C_LANGUAGE_STANDARD = gnu11;
				GCC_DYNAMIC_NO_PIC = NO;
				GCC_NO_COMMON_BLOCKS = YES;
				GCC_OPTIMIZATION_LEVEL = 0;
				GCC_PREPROCESSOR_DEFINITIONS = (
					"DEBUG=1",
					"$(inherited)",
				);
				GCC_WARN_64_TO_32_BIT_CONVERSION = YES;
				GCC_WARN_ABOUT_RETURN_TYPE = YES_ERROR;
				GCC_WARN_UNDECLARED_SELECTOR = YES;
				GCC_WARN_UNINITIALIZED_AUTOS = YES_AGGRESSIVE;
				GCC_WARN_UNUSED_FUNCTION = YES;
				GCC_WARN_UNUSED_VARIABLE = YES;
				IPHONEOS_DEPLOYMENT_TARGET = 14.3;
				MTL_ENABLE_DEBUG_INFO = INCLUDE_SOURCE;
				MTL_FAST_MATH = YES;
				ONLY_ACTIVE_ARCH = YES;
				SDKROOT = iphoneos;
				SWIFT_ACTIVE_COMPILATION_CONDITIONS = DEBUG;
				SWIFT_OPTIMIZATION_LEVEL = "-Onone";
			};
			name = Debug;
		};
		BC78F2A325B49C2A00E266F8 /* Release */ = {
			isa = XCBuildConfiguration;
			buildSettings = {
				ALWAYS_SEARCH_USER_PATHS = NO;
				CLANG_ANALYZER_NONNULL = YES;
				CLANG_ANALYZER_NUMBER_OBJECT_CONVERSION = YES_AGGRESSIVE;
				CLANG_CXX_LANGUAGE_STANDARD = "gnu++14";
				CLANG_CXX_LIBRARY = "libc++";
				CLANG_ENABLE_MODULES = YES;
				CLANG_ENABLE_OBJC_ARC = YES;
				CLANG_ENABLE_OBJC_WEAK = YES;
				CLANG_WARN_BLOCK_CAPTURE_AUTORELEASING = YES;
				CLANG_WARN_BOOL_CONVERSION = YES;
				CLANG_WARN_COMMA = YES;
				CLANG_WARN_CONSTANT_CONVERSION = YES;
				CLANG_WARN_DEPRECATED_OBJC_IMPLEMENTATIONS = YES;
				CLANG_WARN_DIRECT_OBJC_ISA_USAGE = YES_ERROR;
				CLANG_WARN_DOCUMENTATION_COMMENTS = YES;
				CLANG_WARN_EMPTY_BODY = YES;
				CLANG_WARN_ENUM_CONVERSION = YES;
				CLANG_WARN_INFINITE_RECURSION = YES;
				CLANG_WARN_INT_CONVERSION = YES;
				CLANG_WARN_NON_LITERAL_NULL_CONVERSION = YES;
				CLANG_WARN_OBJC_IMPLICIT_RETAIN_SELF = YES;
				CLANG_WARN_OBJC_LITERAL_CONVERSION = YES;
				CLANG_WARN_OBJC_ROOT_CLASS = YES_ERROR;
				CLANG_WARN_QUOTED_INCLUDE_IN_FRAMEWORK_HEADER = YES;
				CLANG_WARN_RANGE_LOOP_ANALYSIS = YES;
				CLANG_WARN_STRICT_PROTOTYPES = YES;
				CLANG_WARN_SUSPICIOUS_MOVE = YES;
				CLANG_WARN_UNGUARDED_AVAILABILITY = YES_AGGRESSIVE;
				CLANG_WARN_UNREACHABLE_CODE = YES;
				CLANG_WARN__DUPLICATE_METHOD_MATCH = YES;
				COPY_PHASE_STRIP = NO;
				DEBUG_INFORMATION_FORMAT = "dwarf-with-dsym";
				ENABLE_NS_ASSERTIONS = NO;
				ENABLE_STRICT_OBJC_MSGSEND = YES;
				GCC_C_LANGUAGE_STANDARD = gnu11;
				GCC_NO_COMMON_BLOCKS = YES;
				GCC_WARN_64_TO_32_BIT_CONVERSION = YES;
				GCC_WARN_ABOUT_RETURN_TYPE = YES_ERROR;
				GCC_WARN_UNDECLARED_SELECTOR = YES;
				GCC_WARN_UNINITIALIZED_AUTOS = YES_AGGRESSIVE;
				GCC_WARN_UNUSED_FUNCTION = YES;
				GCC_WARN_UNUSED_VARIABLE = YES;
				IPHONEOS_DEPLOYMENT_TARGET = 14.3;
				MTL_ENABLE_DEBUG_INFO = NO;
				MTL_FAST_MATH = YES;
				SDKROOT = iphoneos;
				SWIFT_COMPILATION_MODE = wholemodule;
				SWIFT_OPTIMIZATION_LEVEL = "-O";
				VALIDATE_PRODUCT = YES;
			};
			name = Release;
		};
		BC78F2A525B49C2A00E266F8 /* Debug */ = {
			isa = XCBuildConfiguration;
			buildSettings = {
				ASSETCATALOG_COMPILER_APPICON_NAME = AppIcon;
				ASSETCATALOG_COMPILER_GLOBAL_ACCENT_COLOR_NAME = AccentColor;
				CODE_SIGN_STYLE = Automatic;
				DEVELOPMENT_TEAM = UMVF6688JY;
				INFOPLIST_FILE = "MusicThread Auth/Info.plist";
				LD_RUNPATH_SEARCH_PATHS = (
					"$(inherited)",
					"@executable_path/Frameworks",
				);
				PRODUCT_BUNDLE_IDENTIFIER = "co.brushedtype.MusicThread-Auth";
				PRODUCT_NAME = "$(TARGET_NAME)";
				SWIFT_VERSION = 5.0;
				TARGETED_DEVICE_FAMILY = "1,2";
			};
			name = Debug;
		};
		BC78F2A625B49C2A00E266F8 /* Release */ = {
			isa = XCBuildConfiguration;
			buildSettings = {
				ASSETCATALOG_COMPILER_APPICON_NAME = AppIcon;
				ASSETCATALOG_COMPILER_GLOBAL_ACCENT_COLOR_NAME = AccentColor;
				CODE_SIGN_STYLE = Automatic;
				DEVELOPMENT_TEAM = UMVF6688JY;
				INFOPLIST_FILE = "MusicThread Auth/Info.plist";
				LD_RUNPATH_SEARCH_PATHS = (
					"$(inherited)",
					"@executable_path/Frameworks",
				);
				PRODUCT_BUNDLE_IDENTIFIER = "co.brushedtype.MusicThread-Auth";
				PRODUCT_NAME = "$(TARGET_NAME)";
				SWIFT_VERSION = 5.0;
				TARGETED_DEVICE_FAMILY = "1,2";
			};
			name = Release;
		};
/* End XCBuildConfiguration section */

/* Begin XCConfigurationList section */
		BC78F28B25B49C2900E266F8 /* Build configuration list for PBXProject "MusicThread Auth" */ = {
			isa = XCConfigurationList;
			buildConfigurations = (
				BC78F2A225B49C2A00E266F8 /* Debug */,
				BC78F2A325B49C2A00E266F8 /* Release */,
			);
			defaultConfigurationIsVisible = 0;
			defaultConfigurationName = Release;
		};
		BC78F2A425B49C2A00E266F8 /* Build configuration list for PBXNativeTarget "MusicThread Auth" */ = {
			isa = XCConfigurationList;
			buildConfigurations = (
				BC78F2A525B49C2A00E266F8 /* Debug */,
				BC78F2A625B49C2A00E266F8 /* Release */,
			);
			defaultConfigurationIsVisible = 0;
			defaultConfigurationName = Release;
		};
/* End XCConfigurationList section */
	};
	rootObject = BC78F28825B49C2900E266F8 /* Project object */;
}
