{
  "object": {
    "pins": [
      {
        "package": "CwlCatchException",
        "repositoryURL": "https://github.com/mattgallagher/CwlCatchException.git",
        "state": {
          "branch": null,
          "revision": "f809deb30dc5c9d9b78c872e553261a61177721a",
          "version": "2.0.0"
        }
      },
      {
        "package": "CwlPreconditionTesting",
        "repositoryURL": "https://github.com/mattgallagher/CwlPreconditionTesting.git",
        "state": {
          "branch": null,
          "revision": "02b7a39a99c4da27abe03cab2053a9034379639f",
          "version": "2.0.0"
        }
      },
      {
        "package": "JWTDecode",
        "repositoryURL": "git@github.com:auth0/JWTDecode.swift.git",
        "state": {
          "branch": null,
          "revision": "ee8c8edcb966a8fa123a25532ed3f189371da739",
          "version": "2.5.0"
        }
      },
      {
        "package": "KeychainAccess",
        "repositoryURL": "git@github.com:kishikawakatsumi/KeychainAccess.git",
        "state": {
          "branch": null,
          "revision": "654d52d30f3dd4592e944c3e0bccb53178c992f6",
          "version": "4.2.1"
        }
      },
      {
        "package": "Kingfisher",
        "repositoryURL": "git@github.com:onevcat/Kingfisher.git",
        "state": {
          "branch": null,
          "revision": "0be276f6a7fd54af4c3eb03f2d12e12d8c8a1a1d",
          "version": "6.0.1"
        }
      },
      {
        "package": "Nimble",
        "repositoryURL": "https://github.com/Quick/Nimble.git",
        "state": {
          "branch": null,
          "revision": "e491a6731307bb23783bf664d003be9b2fa59ab5",
          "version": "9.0.0"
        }
      },
      {
        "package": "Quick",
        "repositoryURL": "https://github.com/Quick/Quick.git",
        "state": {
          "branch": null,
          "revision": "0038bcbab4292f3b028632556507c124e5ba69f3",
          "version": "3.0.0"
        }
      }
    ]
  },
  "version": 1
}
